
Microsoft Visual Studio Solution File, Format Version 12.00
# Visual Studio Version 17
VisualStudioVersion = 17.9.34607.119
MinimumVisualStudioVersion = 10.0.40219.1
Project("{FAE04EC0-301F-11D3-BF4B-00C04F79EFBC}") = "prefix_sums", "prefix_sums.csproj", "{6736944D-ECB8-44D8-AEB3-E542D94BC446}"
EndProject
Global
	GlobalSection(SolutionConfigurationPlatforms) = preSolution
		Debug|Any CPU = Debug|Any CPU
		Release|Any CPU = Release|Any CPU
	EndGlobalSection
	GlobalSection(ProjectConfigurationPlatforms) = postSolution
		{6736944D-ECB8-44D8-AEB3-E542D94BC446}.Debug|Any CPU.ActiveCfg = Debug|Any CPU
		{6736944D-ECB8-44D8-AEB3-E542D94BC446}.Debug|Any CPU.Build.0 = Debug|Any CPU
		{6736944D-ECB8-44D8-AEB3-E542D94BC446}.Release|Any CPU.ActiveCfg = Release|Any CPU
		{6736944D-ECB8-44D8-AEB3-E542D94BC446}.Release|Any CPU.Build.0 = Release|Any CPU
	EndGlobalSection
	GlobalSection(SolutionProperties) = preSolution
		HideSolutionNode = FALSE
	EndGlobalSection
	GlobalSection(ExtensibilityGlobals) = postSolution
		SolutionGuid = {1B8D884D-F730-4B99-A139-515352CB8434}
	EndGlobalSection
EndGlobal
