
Microsoft Visual Studio Solution File, Format Version 12.00
# Visual Studio Version 17
VisualStudioVersion = 17.9.34607.119
MinimumVisualStudioVersion = 10.0.40219.1
Project("{FAE04EC0-301F-11D3-BF4B-00C04F79EFBC}") = "sample_sort", "sample_sort.csproj", "{FF7657CB-A534-4B39-8C8E-628B6F2C3757}"
EndProject
Global
	GlobalSection(SolutionConfigurationPlatforms) = preSolution
		Debug|Any CPU = Debug|Any CPU
		Release|Any CPU = Release|Any CPU
	EndGlobalSection
	GlobalSection(ProjectConfigurationPlatforms) = postSolution
		{FF7657CB-A534-4B39-8C8E-628B6F2C3757}.Debug|Any CPU.ActiveCfg = Debug|Any CPU
		{FF7657CB-A534-4B39-8C8E-628B6F2C3757}.Debug|Any CPU.Build.0 = Debug|Any CPU
		{FF7657CB-A534-4B39-8C8E-628B6F2C3757}.Release|Any CPU.ActiveCfg = Release|Any CPU
		{FF7657CB-A534-4B39-8C8E-628B6F2C3757}.Release|Any CPU.Build.0 = Release|Any CPU
	EndGlobalSection
	GlobalSection(SolutionProperties) = preSolution
		HideSolutionNode = FALSE
	EndGlobalSection
	GlobalSection(ExtensibilityGlobals) = postSolution
		SolutionGuid = {A0DF5CBF-0391-4EF9-96BD-9DA625C0438E}
	EndGlobalSection
EndGlobal
